
Microsoft Visual Studio Solution File, Format Version 12.00
# Visual Studio Version 17
VisualStudioVersion = 17.3.32929.385
MinimumVisualStudioVersion = 10.0.40219.1
Project("{9A19103F-16F7-4668-BE54-9A1E7A4F7556}") = "KappaESB", "KappaESB\KappaESB.csproj", "{F7FB79DD-675C-4DEC-ACE5-9FF3B2420B8E}"
EndProject
Project("{9A19103F-16F7-4668-BE54-9A1E7A4F7556}") = "KappaESB.Interfaces", "KappaESB.Interfaces\KappaESB.Interfaces.csproj", "{0956C200-F06C-42C6-8494-AB2ED08D9978}"
EndProject
Project("{9A19103F-16F7-4668-BE54-9A1E7A4F7556}") = "KappaESB.Classes", "KappaESB.Classes\KappaESB.Classes.csproj", "{C06B03A6-1FB4-4070-B3EA-CA980EAB7354}"
EndProject
Project("{2150E333-8FDC-42A3-9474-1A3956D46DE8}") = "Tests", "Tests", "{F29F57FE-7FAA-4E5B-9CE5-58DC0BF763F5}"
EndProject
Project("{9A19103F-16F7-4668-BE54-9A1E7A4F7556}") = "KappaESB.AspNetCore", "KappaESB.AspNetCore\KappaESB.AspNetCore.csproj", "{BA015D4F-77B7-4C41-ADD0-FC25C369673D}"
EndProject
Project("{9A19103F-16F7-4668-BE54-9A1E7A4F7556}") = "KappaESB.Core", "KappaESB.Core\KappaESB.Core.csproj", "{2C758285-2E66-47C4-927C-D926BCE6A56E}"
EndProject
Project("{FAE04EC0-301F-11D3-BF4B-00C04F79EFBC}") = "KappaESB.Endpoint", "KappaESB.Endpoint\KappaESB.Endpoint.csproj", "{0D5A94F8-D00C-4D0D-AB1A-9D51B3D043D3}"
EndProject
Project("{FAE04EC0-301F-11D3-BF4B-00C04F79EFBC}") = "KappaESB.EndpointCluster", "KappaESB.EndpointCluster\KappaESB.EndpointCluster.csproj", "{A8224F52-D0BA-4E0E-A291-6099EC5B11FF}"
EndProject
Global
	GlobalSection(SolutionConfigurationPlatforms) = preSolution
		Debug|Any CPU = Debug|Any CPU
		Release|Any CPU = Release|Any CPU
	EndGlobalSection
	GlobalSection(ProjectConfigurationPlatforms) = postSolution
		{F7FB79DD-675C-4DEC-ACE5-9FF3B2420B8E}.Debug|Any CPU.ActiveCfg = Debug|Any CPU
		{F7FB79DD-675C-4DEC-ACE5-9FF3B2420B8E}.Debug|Any CPU.Build.0 = Debug|Any CPU
		{F7FB79DD-675C-4DEC-ACE5-9FF3B2420B8E}.Release|Any CPU.ActiveCfg = Release|Any CPU
		{F7FB79DD-675C-4DEC-ACE5-9FF3B2420B8E}.Release|Any CPU.Build.0 = Release|Any CPU
		{0956C200-F06C-42C6-8494-AB2ED08D9978}.Debug|Any CPU.ActiveCfg = Debug|Any CPU
		{0956C200-F06C-42C6-8494-AB2ED08D9978}.Debug|Any CPU.Build.0 = Debug|Any CPU
		{0956C200-F06C-42C6-8494-AB2ED08D9978}.Release|Any CPU.ActiveCfg = Release|Any CPU
		{0956C200-F06C-42C6-8494-AB2ED08D9978}.Release|Any CPU.Build.0 = Release|Any CPU
		{C06B03A6-1FB4-4070-B3EA-CA980EAB7354}.Debug|Any CPU.ActiveCfg = Debug|Any CPU
		{C06B03A6-1FB4-4070-B3EA-CA980EAB7354}.Debug|Any CPU.Build.0 = Debug|Any CPU
		{C06B03A6-1FB4-4070-B3EA-CA980EAB7354}.Release|Any CPU.ActiveCfg = Release|Any CPU
		{C06B03A6-1FB4-4070-B3EA-CA980EAB7354}.Release|Any CPU.Build.0 = Release|Any CPU
		{BA015D4F-77B7-4C41-ADD0-FC25C369673D}.Debug|Any CPU.ActiveCfg = Debug|Any CPU
		{BA015D4F-77B7-4C41-ADD0-FC25C369673D}.Debug|Any CPU.Build.0 = Debug|Any CPU
		{BA015D4F-77B7-4C41-ADD0-FC25C369673D}.Release|Any CPU.ActiveCfg = Release|Any CPU
		{BA015D4F-77B7-4C41-ADD0-FC25C369673D}.Release|Any CPU.Build.0 = Release|Any CPU
		{2C758285-2E66-47C4-927C-D926BCE6A56E}.Debug|Any CPU.ActiveCfg = Debug|Any CPU
		{2C758285-2E66-47C4-927C-D926BCE6A56E}.Debug|Any CPU.Build.0 = Debug|Any CPU
		{2C758285-2E66-47C4-927C-D926BCE6A56E}.Release|Any CPU.ActiveCfg = Release|Any CPU
		{2C758285-2E66-47C4-927C-D926BCE6A56E}.Release|Any CPU.Build.0 = Release|Any CPU
		{0D5A94F8-D00C-4D0D-AB1A-9D51B3D043D3}.Debug|Any CPU.ActiveCfg = Debug|Any CPU
		{0D5A94F8-D00C-4D0D-AB1A-9D51B3D043D3}.Debug|Any CPU.Build.0 = Debug|Any CPU
		{0D5A94F8-D00C-4D0D-AB1A-9D51B3D043D3}.Release|Any CPU.ActiveCfg = Release|Any CPU
		{0D5A94F8-D00C-4D0D-AB1A-9D51B3D043D3}.Release|Any CPU.Build.0 = Release|Any CPU
		{A8224F52-D0BA-4E0E-A291-6099EC5B11FF}.Debug|Any CPU.ActiveCfg = Debug|Any CPU
		{A8224F52-D0BA-4E0E-A291-6099EC5B11FF}.Debug|Any CPU.Build.0 = Debug|Any CPU
		{A8224F52-D0BA-4E0E-A291-6099EC5B11FF}.Release|Any CPU.ActiveCfg = Release|Any CPU
		{A8224F52-D0BA-4E0E-A291-6099EC5B11FF}.Release|Any CPU.Build.0 = Release|Any CPU
	EndGlobalSection
	GlobalSection(SolutionProperties) = preSolution
		HideSolutionNode = FALSE
	EndGlobalSection
	GlobalSection(ExtensibilityGlobals) = postSolution
		SolutionGuid = {46199E2E-4C97-4FDC-8605-F5C8063BEB66}
	EndGlobalSection
EndGlobal
